schema: '2.0'
stages:
  sly_to_int:
    cmd:
    - rm -rf data/interim
    - python src/data/convert_sly_to_int.py
    deps:
    - path: configs/convert_sly_to_int.yaml
      md5: 370c899ba0c5fcea7f28b46d00a38298
      size: 106
    - path: data/sly
      md5: ef84515f9f19efacd1572154b70d9ebd.dir
      size: 8210599801
      nfiles: 2002
    - path: src/data/convert_sly_to_int.py
      md5: 4465ae582b50529429a49430439e5ec5
      size: 5479
    outs:
    - path: data/interim
      md5: 199ed5a7394d5913c413f4c8603782c0.dir
      size: 4424592880
      nfiles: 1001
  int_to_coco:
    cmd:
    - rm -rf data/coco
    - python src/data/convert_int_to_coco.py
    deps:
    - path: configs/convert_int_to_coco.yaml
      md5: 029b1261e1393a3af569eeaa4de25f7f
      size: 329
    - path: data/interim
      md5: 199ed5a7394d5913c413f4c8603782c0.dir
      size: 4424592880
      nfiles: 1001
    - path: src/data/convert_int_to_coco.py
      md5: e230489e54dba3998276cfdd89e7284c
      size: 6991
    outs:
    - path: data/coco
      md5: 78261165b4aaf5b9eef7b24a3d6e148c.dir
      size: 4425292503
      nfiles: 1003
