schema: '2.0'
stages:
  sly_to_int:
    cmd:
    - rm -rf data/interim
    - python src/data/convert_sly_to_int.py
    deps:
    - path: configs/convert_sly_to_int.yaml
      md5: 370c899ba0c5fcea7f28b46d00a38298
      size: 106
    - path: data/sly
      md5: 837a4d4ff14c9b7d581317af69753670.dir
      size: 8210582086
      nfiles: 2001
    - path: src/data/convert_sly_to_int.py
      md5: 2333302ecd56099f0efaafd60884ec2c
      size: 5687
    - path: src/data/utils_sly.py
      md5: 3a6be524582737cb8e10ce78bc664363
      size: 7204
    outs:
    - path: data/interim/img
      md5: bbfe62305cf388907a4e2bc6e49497ac.dir
      size: 4423453676
      nfiles: 1000
    - path: data/interim/metadata.xlsx
      md5: 7fb5e2c2029d82fc2273c51835dec34c
      size: 1327288
  int_to_coco:
    cmd:
    - rm -rf data/coco
    - python src/data/convert_int_to_coco.py
    deps:
    - path: configs/convert_int_to_coco.yaml
      md5: 1a5f420db7c924fd7d626782c5c9acd9
      size: 330
    - path: data/interim/img
      md5: bbfe62305cf388907a4e2bc6e49497ac.dir
      size: 4423453676
      nfiles: 1000
    - path: data/interim/metadata.xlsx
      md5: 7fb5e2c2029d82fc2273c51835dec34c
      size: 1327288
    - path: src/data/convert_int_to_coco.py
      md5: 29efa43ca98ed8f81647ab7d4df16034
      size: 8205
    - path: src/data/utils_coco.py
      md5: 7f75fc2154f6eecaaa6e0662fda163a4
      size: 1684
    outs:
    - path: data/coco/train
      md5: 9bc2afc1b11bd702694d64cd005d67fb.dir
      size: 3560664829
      nfiles: 802
    - path: data/coco/test
      md5: 0aa5b6f56da2c06b4ccc06dc60eecca8.dir
      size: 864182794
      nfiles: 202
    - path: data/coco/metadata.xlsx
      md5: 1422442a6080afe3b90f50d13affb7c1
      size: 732366
